
Microsoft Visual Studio Solution File, Format Version 12.00
# Visual Studio Version 17
VisualStudioVersion = 17.11.35222.181
MinimumVisualStudioVersion = 10.0.40219.1
Project("{8BC9CEB8-8B4A-11D0-8D11-00A0C91BC942}") = "Project40", "Project40.vcxproj", "{41AEBF6E-C7DC-4141-980B-FF3B10E35BCB}"
EndProject
Global
	GlobalSection(SolutionConfigurationPlatforms) = preSolution
		Debug|x64 = Debug|x64
		Debug|x86 = Debug|x86
		Release|x64 = Release|x64
		Release|x86 = Release|x86
	EndGlobalSection
	GlobalSection(ProjectConfigurationPlatforms) = postSolution
		{41AEBF6E-C7DC-4141-980B-FF3B10E35BCB}.Debug|x64.ActiveCfg = Debug|x64
		{41AEBF6E-C7DC-4141-980B-FF3B10E35BCB}.Debug|x64.Build.0 = Debug|x64
		{41AEBF6E-C7DC-4141-980B-FF3B10E35BCB}.Debug|x86.ActiveCfg = Debug|Win32
		{41AEBF6E-C7DC-4141-980B-FF3B10E35BCB}.Debug|x86.Build.0 = Debug|Win32
		{41AEBF6E-C7DC-4141-980B-FF3B10E35BCB}.Release|x64.ActiveCfg = Release|x64
		{41AEBF6E-C7DC-4141-980B-FF3B10E35BCB}.Release|x64.Build.0 = Release|x64
		{41AEBF6E-C7DC-4141-980B-FF3B10E35BCB}.Release|x86.ActiveCfg = Release|Win32
		{41AEBF6E-C7DC-4141-980B-FF3B10E35BCB}.Release|x86.Build.0 = Release|Win32
	EndGlobalSection
	GlobalSection(SolutionProperties) = preSolution
		HideSolutionNode = FALSE
	EndGlobalSection
	GlobalSection(ExtensibilityGlobals) = postSolution
		SolutionGuid = {916A6CAC-154B-4991-BAB4-18F7459E3DFC}
	EndGlobalSection
EndGlobal
